
Microsoft Visual Studio Solution File, Format Version 12.00
# Visual Studio Version 17
VisualStudioVersion = 17.2.32630.192
MinimumVisualStudioVersion = 10.0.40219.1
Project("{FAE04EC0-301F-11D3-BF4B-00C04F79EFBC}") = "Personal-CS-first-steps-method-overloading", "Personal-CS-first-steps-method-overloading\Personal-CS-first-steps-method-overloading.csproj", "{983A9167-AF04-4C7A-BB6C-12F9087BA40E}"
EndProject
Global
	GlobalSection(SolutionConfigurationPlatforms) = preSolution
		Debug|Any CPU = Debug|Any CPU
		Release|Any CPU = Release|Any CPU
	EndGlobalSection
	GlobalSection(ProjectConfigurationPlatforms) = postSolution
		{983A9167-AF04-4C7A-BB6C-12F9087BA40E}.Debug|Any CPU.ActiveCfg = Debug|Any CPU
		{983A9167-AF04-4C7A-BB6C-12F9087BA40E}.Debug|Any CPU.Build.0 = Debug|Any CPU
		{983A9167-AF04-4C7A-BB6C-12F9087BA40E}.Release|Any CPU.ActiveCfg = Release|Any CPU
		{983A9167-AF04-4C7A-BB6C-12F9087BA40E}.Release|Any CPU.Build.0 = Release|Any CPU
	EndGlobalSection
	GlobalSection(SolutionProperties) = preSolution
		HideSolutionNode = FALSE
	EndGlobalSection
	GlobalSection(ExtensibilityGlobals) = postSolution
		SolutionGuid = {73C6FE90-3C78-4E31-A1D0-B3F4BC78F380}
	EndGlobalSection
EndGlobal
